{
  "name": "texture-maker",
  "version": "1.0.0",
  "lockfileVersion": 1,
  "requires": true,
  "dependencies": {
    "@types/pako": {
      "version": "1.0.3",
      "resolved": "https://registry.npmjs.org/@types/pako/-/pako-1.0.3.tgz",
      "integrity": "sha512-EDxOsHAD5dqjbjEUM1xwa7rpKPFb8ECBE5irONTQU7/OsO3thI5YrNEWSPNMvYmvFM0l/OLQJ6Mgw7PEdXSjhg=="
    },
    "buffer-equal": {
      "version": "0.0.1",
      "resolved": "https://registry.npmjs.org/buffer-equal/-/buffer-equal-0.0.1.tgz",
      "integrity": "sha1-kbx0sR6kBbyRa8aqkI+q+ltKrEs="
    },
    "fast-png": {
      "version": "6.1.0",
      "resolved": "https://registry.npmjs.org/fast-png/-/fast-png-6.1.0.tgz",
      "integrity": "sha512-v8e/40RKZbE1mALigoqBOkYnemCVSMmVlGSz8fawZAZg5UQ9OZeR00L++CPvrhIGm2F6TxV5u9lbWD0oOJHcCw==",
      "requires": {
        "@types/pako": "^1.0.2",
        "iobuffer": "^5.0.4",
        "pako": "^2.0.4"
      }
    },
    "fs": {
      "version": "0.0.1-security",
      "resolved": "https://registry.npmjs.org/fs/-/fs-0.0.1-security.tgz",
      "integrity": "sha1-invTcYa23d84E/I4WLV+yq9eQdQ="
    },
    "iobuffer": {
      "version": "5.1.0",
      "resolved": "https://registry.npmjs.org/iobuffer/-/iobuffer-5.1.0.tgz",
      "integrity": "sha512-2BYQoYadP3FkVPfqGxs4WO6z3HWGZokJfIkgOARn4P4ipVQCHJnPyva7rJLVmnRA7XTk8ZoLwutuutGeMpu3PA=="
    },
    "isnumber": {
      "version": "1.0.0",
      "resolved": "https://registry.npmjs.org/isnumber/-/isnumber-1.0.0.tgz",
      "integrity": "sha1-Dj+XWbWB2Z3YUIbw7Cp0kJz63QE="
    },
    "jpeg-js": {
      "version": "0.0.4",
      "resolved": "https://registry.npmjs.org/jpeg-js/-/jpeg-js-0.0.4.tgz",
      "integrity": "sha1-Bqr0fv7HrwsZJKWc1pWm0rXthw4="
    },
    "omggif": {
      "version": "1.0.10",
      "resolved": "https://registry.npmjs.org/omggif/-/omggif-1.0.10.tgz",
      "integrity": "sha512-LMJTtvgc/nugXj0Vcrrs68Mn2D1r0zf630VNtqtpI1FEO7e+O9FP4gqs9AcnBaSEeoHIPm28u6qgPR0oyEpGSw=="
    },
    "pako": {
      "version": "2.0.4",
      "resolved": "https://registry.npmjs.org/pako/-/pako-2.0.4.tgz",
      "integrity": "sha512-v8tweI900AUkZN6heMU/4Uy4cXRc2AYNRggVmTR+dEncawDJgCdLMximOVA2p4qO57WMynangsfGRb5WD6L1Bg=="
    },
    "pngparse": {
      "version": "2.0.1",
      "resolved": "https://registry.npmjs.org/pngparse/-/pngparse-2.0.1.tgz",
      "integrity": "sha1-hoUt5N40n077HoUudSVlXlrF37g="
    },
    "readimage": {
      "version": "1.1.1",
      "resolved": "https://registry.npmjs.org/readimage/-/readimage-1.1.1.tgz",
      "integrity": "sha1-TNI2Uqe96lldUh/SVP7qJpLlw1w=",
      "requires": {
        "buffer-equal": "0.0.1",
        "isnumber": "^1.0.0",
        "jpeg-js": "0.0.4",
        "omggif": "^1.0.5",
        "pngparse": "^2.0.1"
      }
    }
  }
}
